// !$*UTF8*$!
{
	archiveVersion = 1;
	classes = {
	};
	objectVersion = 46;
	objects = {

/* Begin PBXBuildFile section */
		A638D97D1C984955009DA4B9 /* AxesDrawer.swift in Sources */ = {isa = PBXBuildFile; fileRef = A638D97C1C984955009DA4B9 /* AxesDrawer.swift */; };
		A68325601C737F900065983C /* AppDelegate.swift in Sources */ = {isa = PBXBuildFile; fileRef = A683255F1C737F900065983C /* AppDelegate.swift */; };
		A68325621C737F900065983C /* CalculatorViewController.swift in Sources */ = {isa = PBXBuildFile; fileRef = A68325611C737F900065983C /* CalculatorViewController.swift */; };
		A68325651C737F900065983C /* Main.storyboard in Resources */ = {isa = PBXBuildFile; fileRef = A68325631C737F900065983C /* Main.storyboard */; };
		A68325671C737F900065983C /* Assets.xcassets in Resources */ = {isa = PBXBuildFile; fileRef = A68325661C737F900065983C /* Assets.xcassets */; };
		A683256A1C737F900065983C /* LaunchScreen.storyboard in Resources */ = {isa = PBXBuildFile; fileRef = A68325681C737F900065983C /* LaunchScreen.storyboard */; };
		A68325721C7380350065983C /* CalculatorBrain.swift in Sources */ = {isa = PBXBuildFile; fileRef = A68325711C7380350065983C /* CalculatorBrain.swift */; };
		A687963C1C91B9570092977E /* GraphViewController.swift in Sources */ = {isa = PBXBuildFile; fileRef = A687963B1C91B9570092977E /* GraphViewController.swift */; };
/* End PBXBuildFile section */

/* Begin PBXFileReference section */
		A638D97C1C984955009DA4B9 /* AxesDrawer.swift */ = {isa = PBXFileReference; fileEncoding = 4; lastKnownFileType = sourcecode.swift; path = AxesDrawer.swift; sourceTree = "<group>"; };
		A683255C1C737F900065983C /* Calculator2.0.app */ = {isa = PBXFileReference; explicitFileType = wrapper.application; includeInIndex = 0; path = Calculator2.0.app; sourceTree = BUILT_PRODUCTS_DIR; };
		A683255F1C737F900065983C /* AppDelegate.swift */ = {isa = PBXFileReference; lastKnownFileType = sourcecode.swift; path = AppDelegate.swift; sourceTree = "<group>"; };
		A68325611C737F900065983C /* CalculatorViewController.swift */ = {isa = PBXFileReference; lastKnownFileType = sourcecode.swift; path = CalculatorViewController.swift; sourceTree = "<group>"; };
		A68325641C737F900065983C /* Base */ = {isa = PBXFileReference; lastKnownFileType = file.storyboard; name = Base; path = Base.lproj/Main.storyboard; sourceTree = "<group>"; };
		A68325661C737F900065983C /* Assets.xcassets */ = {isa = PBXFileReference; lastKnownFileType = folder.assetcatalog; path = Assets.xcassets; sourceTree = "<group>"; };
		A68325691C737F900065983C /* Base */ = {isa = PBXFileReference; lastKnownFileType = file.storyboard; name = Base; path = Base.lproj/LaunchScreen.storyboard; sourceTree = "<group>"; };
		A683256B1C737F900065983C /* Info.plist */ = {isa = PBXFileReference; lastKnownFileType = text.plist.xml; path = Info.plist; sourceTree = "<group>"; };
		A68325711C7380350065983C /* CalculatorBrain.swift */ = {isa = PBXFileReference; fileEncoding = 4; lastKnownFileType = sourcecode.swift; path = CalculatorBrain.swift; sourceTree = "<group>"; };
		A687963B1C91B9570092977E /* GraphViewController.swift */ = {isa = PBXFileReference; fileEncoding = 4; lastKnownFileType = sourcecode.swift; name = GraphViewController.swift; path = ../GraphViewController.swift; sourceTree = "<group>"; };
/* End PBXFileReference section */

/* Begin PBXFrameworksBuildPhase section */
		A68325591C737F900065983C /* Frameworks */ = {
			isa = PBXFrameworksBuildPhase;
			buildActionMask = 2147483647;
			files = (
			);
			runOnlyForDeploymentPostprocessing = 0;
		};
/* End PBXFrameworksBuildPhase section */

/* Begin PBXGroup section */
		A68325531C737F900065983C = {
			isa = PBXGroup;
			children = (
				A683255E1C737F900065983C /* Calculator2.0 */,
				A683255D1C737F900065983C /* Products */,
			);
			sourceTree = "<group>";
		};
		A683255D1C737F900065983C /* Products */ = {
			isa = PBXGroup;
			children = (
				A683255C1C737F900065983C /* Calculator2.0.app */,
			);
			name = Products;
			sourceTree = "<group>";
		};
		A683255E1C737F900065983C /* Calculator2.0 */ = {
			isa = PBXGroup;
			children = (
				A687963B1C91B9570092977E /* GraphViewController.swift */,
				A683255F1C737F900065983C /* AppDelegate.swift */,
				A68325611C737F900065983C /* CalculatorViewController.swift */,
				A68325711C7380350065983C /* CalculatorBrain.swift */,
				A638D97C1C984955009DA4B9 /* AxesDrawer.swift */,
				A68325631C737F900065983C /* Main.storyboard */,
				A68325661C737F900065983C /* Assets.xcassets */,
				A68325681C737F900065983C /* LaunchScreen.storyboard */,
				A683256B1C737F900065983C /* Info.plist */,
			);
			path = Calculator2.0;
			sourceTree = "<group>";
		};
/* End PBXGroup section */

/* Begin PBXNativeTarget section */
		A683255B1C737F900065983C /* Calculator2.0 */ = {
			isa = PBXNativeTarget;
			buildConfigurationList = A683256E1C737F900065983C /* Build configuration list for PBXNativeTarget "Calculator2.0" */;
			buildPhases = (
				A68325581C737F900065983C /* Sources */,
				A68325591C737F900065983C /* Frameworks */,
				A683255A1C737F900065983C /* Resources */,
			);
			buildRules = (
			);
			dependencies = (
			);
			name = Calculator2.0;
			productName = Calculator2.0;
			productReference = A683255C1C737F900065983C /* Calculator2.0.app */;
			productType = "com.apple.product-type.application";
		};
/* End PBXNativeTarget section */

/* Begin PBXProject section */
		A68325541C737F900065983C /* Project object */ = {
			isa = PBXProject;
			attributes = {
				LastSwiftUpdateCheck = 0720;
				LastUpgradeCheck = 0720;
				ORGANIZATIONNAME = "Connor Fitzpatrick";
				TargetAttributes = {
					A683255B1C737F900065983C = {
						CreatedOnToolsVersion = 7.2.1;
					};
				};
			};
			buildConfigurationList = A68325571C737F900065983C /* Build configuration list for PBXProject "Calculator2.0" */;
			compatibilityVersion = "Xcode 3.2";
			developmentRegion = English;
			hasScannedForEncodings = 0;
			knownRegions = (
				en,
				Base,
			);
			mainGroup = A68325531C737F900065983C;
			productRefGroup = A683255D1C737F900065983C /* Products */;
			projectDirPath = "";
			projectRoot = "";
			targets = (
				A683255B1C737F900065983C /* Calculator2.0 */,
			);
		};
/* End PBXProject section */

/* Begin PBXResourcesBuildPhase section */
		A683255A1C737F900065983C /* Resources */ = {
			isa = PBXResourcesBuildPhase;
			buildActionMask = 2147483647;
			files = (
				A683256A1C737F900065983C /* LaunchScreen.storyboard in Resources */,
				A68325671C737F900065983C /* Assets.xcassets in Resources */,
				A68325651C737F900065983C /* Main.storyboard in Resources */,
			);
			runOnlyForDeploymentPostprocessing = 0;
		};
/* End PBXResourcesBuildPhase section */

/* Begin PBXSourcesBuildPhase section */
		A68325581C737F900065983C /* Sources */ = {
			isa = PBXSourcesBuildPhase;
			buildActionMask = 2147483647;
			files = (
				A68325721C7380350065983C /* CalculatorBrain.swift in Sources */,
				A687963C1C91B9570092977E /* GraphViewController.swift in Sources */,
				A638D97D1C984955009DA4B9 /* AxesDrawer.swift in Sources */,
				A68325621C737F900065983C /* CalculatorViewController.swift in Sources */,
				A68325601C737F900065983C /* AppDelegate.swift in Sources */,
			);
			runOnlyForDeploymentPostprocessing = 0;
		};
/* End PBXSourcesBuildPhase section */

/* Begin PBXVariantGroup section */
		A68325631C737F900065983C /* Main.storyboard */ = {
			isa = PBXVariantGroup;
			children = (
				A68325641C737F900065983C /* Base */,
			);
			name = Main.storyboard;
			sourceTree = "<group>";
		};
		A68325681C737F900065983C /* LaunchScreen.storyboard */ = {
			isa = PBXVariantGroup;
			children = (
				A68325691C737F900065983C /* Base */,
			);
			name = LaunchScreen.storyboard;
			sourceTree = "<group>";
		};
/* End PBXVariantGroup section */

/* Begin XCBuildConfiguration section */
		A683256C1C737F900065983C /* Debug */ = {
			isa = XCBuildConfiguration;
			buildSettings = {
				ALWAYS_SEARCH_USER_PATHS = NO;
				CLANG_CXX_LANGUAGE_STANDARD = "gnu++0x";
				CLANG_CXX_LIBRARY = "libc++";
				CLANG_ENABLE_MODULES = YES;
				CLANG_ENABLE_OBJC_ARC = YES;
				CLANG_WARN_BOOL_CONVERSION = YES;
				CLANG_WARN_CONSTANT_CONVERSION = YES;
				CLANG_WARN_DIRECT_OBJC_ISA_USAGE = YES_ERROR;
				CLANG_WARN_EMPTY_BODY = YES;
				CLANG_WARN_ENUM_CONVERSION = YES;
				CLANG_WARN_INT_CONVERSION = YES;
				CLANG_WARN_OBJC_ROOT_CLASS = YES_ERROR;
				CLANG_WARN_UNREACHABLE_CODE = YES;
				CLANG_WARN__DUPLICATE_METHOD_MATCH = YES;
				"CODE_SIGN_IDENTITY[sdk=iphoneos*]" = "iPhone Developer";
				COPY_PHASE_STRIP = NO;
				DEBUG_INFORMATION_FORMAT = dwarf;
				ENABLE_STRICT_OBJC_MSGSEND = YES;
				ENABLE_TESTABILITY = YES;
				GCC_C_LANGUAGE_STANDARD = gnu99;
				GCC_DYNAMIC_NO_PIC = NO;
				GCC_NO_COMMON_BLOCKS = YES;
				GCC_OPTIMIZATION_LEVEL = 0;
				GCC_PREPROCESSOR_DEFINITIONS = (
					"DEBUG=1",
					"$(inherited)",
				);
				GCC_WARN_64_TO_32_BIT_CONVERSION = YES;
				GCC_WARN_ABOUT_RETURN_TYPE = YES_ERROR;
				GCC_WARN_UNDECLARED_SELECTOR = YES;
				GCC_WARN_UNINITIALIZED_AUTOS = YES_AGGRESSIVE;
				GCC_WARN_UNUSED_FUNCTION = YES;
				GCC_WARN_UNUSED_VARIABLE = YES;
				IPHONEOS_DEPLOYMENT_TARGET = 9.2;
				MTL_ENABLE_DEBUG_INFO = YES;
				ONLY_ACTIVE_ARCH = YES;
				SDKROOT = iphoneos;
				SWIFT_OPTIMIZATION_LEVEL = "-Onone";
				TARGETED_DEVICE_FAMILY = "1,2";
			};
			name = Debug;
		};
		A683256D1C737F900065983C /* Release */ = {
			isa = XCBuildConfiguration;
			buildSettings = {
				ALWAYS_SEARCH_USER_PATHS = NO;
				CLANG_CXX_LANGUAGE_STANDARD = "gnu++0x";
				CLANG_CXX_LIBRARY = "libc++";
				CLANG_ENABLE_MODULES = YES;
				CLANG_ENABLE_OBJC_ARC = YES;
				CLANG_WARN_BOOL_CONVERSION = YES;
				CLANG_WARN_CONSTANT_CONVERSION = YES;
				CLANG_WARN_DIRECT_OBJC_ISA_USAGE = YES_ERROR;
				CLANG_WARN_EMPTY_BODY = YES;
				CLANG_WARN_ENUM_CONVERSION = YES;
				CLANG_WARN_INT_CONVERSION = YES;
				CLANG_WARN_OBJC_ROOT_CLASS = YES_ERROR;
				CLANG_WARN_UNREACHABLE_CODE = YES;
				CLANG_WARN__DUPLICATE_METHOD_MATCH = YES;
				"CODE_SIGN_IDENTITY[sdk=iphoneos*]" = "iPhone Developer";
				COPY_PHASE_STRIP = NO;
				DEBUG_INFORMATION_FORMAT = "dwarf-with-dsym";
				ENABLE_NS_ASSERTIONS = NO;
				ENABLE_STRICT_OBJC_MSGSEND = YES;
				GCC_C_LANGUAGE_STANDARD = gnu99;
				GCC_NO_COMMON_BLOCKS = YES;
				GCC_WARN_64_TO_32_BIT_CONVERSION = YES;
				GCC_WARN_ABOUT_RETURN_TYPE = YES_ERROR;
				GCC_WARN_UNDECLARED_SELECTOR = YES;
				GCC_WARN_UNINITIALIZED_AUTOS = YES_AGGRESSIVE;
				GCC_WARN_UNUSED_FUNCTION = YES;
				GCC_WARN_UNUSED_VARIABLE = YES;
				IPHONEOS_DEPLOYMENT_TARGET = 9.2;
				MTL_ENABLE_DEBUG_INFO = NO;
				SDKROOT = iphoneos;
				TARGETED_DEVICE_FAMILY = "1,2";
				VALIDATE_PRODUCT = YES;
			};
			name = Release;
		};
		A683256F1C737F900065983C /* Debug */ = {
			isa = XCBuildConfiguration;
			buildSettings = {
				ASSETCATALOG_COMPILER_APPICON_NAME = AppIcon;
				INFOPLIST_FILE = Calculator2.0/Info.plist;
				LD_RUNPATH_SEARCH_PATHS = "$(inherited) @executable_path/Frameworks";
				PRODUCT_BUNDLE_IDENTIFIER = "cjf.edu.luther.cs353.Calculator2-0";
				PRODUCT_NAME = "$(TARGET_NAME)";
			};
			name = Debug;
		};
		A68325701C737F900065983C /* Release */ = {
			isa = XCBuildConfiguration;
			buildSettings = {
				ASSETCATALOG_COMPILER_APPICON_NAME = AppIcon;
				INFOPLIST_FILE = Calculator2.0/Info.plist;
				LD_RUNPATH_SEARCH_PATHS = "$(inherited) @executable_path/Frameworks";
				PRODUCT_BUNDLE_IDENTIFIER = "cjf.edu.luther.cs353.Calculator2-0";
				PRODUCT_NAME = "$(TARGET_NAME)";
			};
			name = Release;
		};
/* End XCBuildConfiguration section */

/* Begin XCConfigurationList section */
		A68325571C737F900065983C /* Build configuration list for PBXProject "Calculator2.0" */ = {
			isa = XCConfigurationList;
			buildConfigurations = (
				A683256C1C737F900065983C /* Debug */,
				A683256D1C737F900065983C /* Release */,
			);
			defaultConfigurationIsVisible = 0;
			defaultConfigurationName = Release;
		};
		A683256E1C737F900065983C /* Build configuration list for PBXNativeTarget "Calculator2.0" */ = {
			isa = XCConfigurationList;
			buildConfigurations = (
				A683256F1C737F900065983C /* Debug */,
				A68325701C737F900065983C /* Release */,
			);
			defaultConfigurationIsVisible = 0;
			defaultConfigurationName = Release;
		};
/* End XCConfigurationList section */
	};
	rootObject = A68325541C737F900065983C /* Project object */;
}
